
Microsoft Visual Studio Solution File, Format Version 12.00
# Visual Studio 15
VisualStudioVersion = 15.0.28307.168
MinimumVisualStudioVersion = 10.0.40219.1
Project("{FAE04EC0-301F-11D3-BF4B-00C04F79EFBC}") = "Lab 15", "Lab 15\Lab 15.csproj", "{731B9EB8-9119-4EFA-8E9F-B1D35C2ECA39}"
EndProject
Global
	GlobalSection(SolutionConfigurationPlatforms) = preSolution
		Debug|Any CPU = Debug|Any CPU
		Release|Any CPU = Release|Any CPU
	EndGlobalSection
	GlobalSection(ProjectConfigurationPlatforms) = postSolution
		{731B9EB8-9119-4EFA-8E9F-B1D35C2ECA39}.Debug|Any CPU.ActiveCfg = Debug|Any CPU
		{731B9EB8-9119-4EFA-8E9F-B1D35C2ECA39}.Debug|Any CPU.Build.0 = Debug|Any CPU
		{731B9EB8-9119-4EFA-8E9F-B1D35C2ECA39}.Release|Any CPU.ActiveCfg = Release|Any CPU
		{731B9EB8-9119-4EFA-8E9F-B1D35C2ECA39}.Release|Any CPU.Build.0 = Release|Any CPU
	EndGlobalSection
	GlobalSection(SolutionProperties) = preSolution
		HideSolutionNode = FALSE
	EndGlobalSection
	GlobalSection(ExtensibilityGlobals) = postSolution
		SolutionGuid = {0BA111AB-44BB-4C15-8519-6041B8D61414}
	EndGlobalSection
EndGlobal
